
Microsoft Visual Studio Solution File, Format Version 12.00
# Visual Studio Version 17
VisualStudioVersion = 17.0.32112.339
MinimumVisualStudioVersion = 10.0.40219.1
Project("{8BC9CEB8-8B4A-11D0-8D11-00A0C91BC942}") = "ELPA", "ELPA\ELPA.vcxproj", "{02563A48-A98D-499B-863F-6B42E441AE77}"
EndProject
Project("{8BC9CEB8-8B4A-11D0-8D11-00A0C91BC942}") = "HALPA", "HALPA\HALPA.vcxproj", "{60116A21-3476-408F-8ED4-3ADF8FB7B443}"
EndProject
Project("{8BC9CEB8-8B4A-11D0-8D11-00A0C91BC942}") = "Original_LPA", "Original_LPA\Original_LPA.vcxproj", "{C09542DC-06AC-4649-B163-245575DED0CF}"
EndProject
Project("{2150E333-8FDC-42A3-9474-1A3956D46DE8}") = "Solution Items", "Solution Items", "{6486A172-3457-4768-84D2-092E62A96723}"
	ProjectSection(SolutionItems) = preProject
		ReadMe.txt = ReadMe.txt
	EndProjectSection
EndProject
Global
	GlobalSection(SolutionConfigurationPlatforms) = preSolution
		Debug|x64 = Debug|x64
		Debug|x86 = Debug|x86
		Release|x64 = Release|x64
		Release|x86 = Release|x86
	EndGlobalSection
	GlobalSection(ProjectConfigurationPlatforms) = postSolution
		{02563A48-A98D-499B-863F-6B42E441AE77}.Debug|x64.ActiveCfg = Debug|x64
		{02563A48-A98D-499B-863F-6B42E441AE77}.Debug|x64.Build.0 = Debug|x64
		{02563A48-A98D-499B-863F-6B42E441AE77}.Debug|x86.ActiveCfg = Debug|Win32
		{02563A48-A98D-499B-863F-6B42E441AE77}.Debug|x86.Build.0 = Debug|Win32
		{02563A48-A98D-499B-863F-6B42E441AE77}.Release|x64.ActiveCfg = Release|x64
		{02563A48-A98D-499B-863F-6B42E441AE77}.Release|x64.Build.0 = Release|x64
		{02563A48-A98D-499B-863F-6B42E441AE77}.Release|x86.ActiveCfg = Release|Win32
		{02563A48-A98D-499B-863F-6B42E441AE77}.Release|x86.Build.0 = Release|Win32
		{60116A21-3476-408F-8ED4-3ADF8FB7B443}.Debug|x64.ActiveCfg = Debug|x64
		{60116A21-3476-408F-8ED4-3ADF8FB7B443}.Debug|x64.Build.0 = Debug|x64
		{60116A21-3476-408F-8ED4-3ADF8FB7B443}.Debug|x86.ActiveCfg = Debug|Win32
		{60116A21-3476-408F-8ED4-3ADF8FB7B443}.Debug|x86.Build.0 = Debug|Win32
		{60116A21-3476-408F-8ED4-3ADF8FB7B443}.Release|x64.ActiveCfg = Release|x64
		{60116A21-3476-408F-8ED4-3ADF8FB7B443}.Release|x64.Build.0 = Release|x64
		{60116A21-3476-408F-8ED4-3ADF8FB7B443}.Release|x86.ActiveCfg = Release|Win32
		{60116A21-3476-408F-8ED4-3ADF8FB7B443}.Release|x86.Build.0 = Release|Win32
		{C09542DC-06AC-4649-B163-245575DED0CF}.Debug|x64.ActiveCfg = Debug|x64
		{C09542DC-06AC-4649-B163-245575DED0CF}.Debug|x64.Build.0 = Debug|x64
		{C09542DC-06AC-4649-B163-245575DED0CF}.Debug|x86.ActiveCfg = Debug|Win32
		{C09542DC-06AC-4649-B163-245575DED0CF}.Debug|x86.Build.0 = Debug|Win32
		{C09542DC-06AC-4649-B163-245575DED0CF}.Release|x64.ActiveCfg = Release|x64
		{C09542DC-06AC-4649-B163-245575DED0CF}.Release|x64.Build.0 = Release|x64
		{C09542DC-06AC-4649-B163-245575DED0CF}.Release|x86.ActiveCfg = Release|Win32
		{C09542DC-06AC-4649-B163-245575DED0CF}.Release|x86.Build.0 = Release|Win32
	EndGlobalSection
	GlobalSection(SolutionProperties) = preSolution
		HideSolutionNode = FALSE
	EndGlobalSection
	GlobalSection(ExtensibilityGlobals) = postSolution
		SolutionGuid = {464C6E9F-068A-4BE0-B1F3-B1FC01DA3519}
	EndGlobalSection
EndGlobal
